# Generated by conda-lock.
# platform: osx-64
# input_hash: 35533249d49a8c4b679f24de4504a03b625e51389a8e7ecb50e7ec307e7877aa
@EXPLICIT
https://conda.anaconda.org/conda-forge/osx-64/bzip2-1.0.8-h0d85af4_4.tar.bz2#37edc4e6304ca87316e160f5ca0bd1b5
https://conda.anaconda.org/conda-forge/osx-64/c-ares-1.18.1-h0d85af4_0.tar.bz2#00b3e98a61e6430808fe7a2534681f28
https://conda.anaconda.org/conda-forge/osx-64/ca-certificates-2022.6.15-h033912b_0.tar.bz2#d16674f96e47de0d08af3fc97803134e
https://conda.anaconda.org/conda-forge/osx-64/libcxx-14.0.6-hce7ea42_0.tar.bz2#ac504a8074ae8add8b837a93d7bc33ca
https://conda.anaconda.org/conda-forge/osx-64/libev-4.33-haf1e3a3_1.tar.bz2#79dc2be110b2a3d1e97ec21f691c50ad
https://conda.anaconda.org/conda-forge/osx-64/libffi-3.4.2-h0d85af4_5.tar.bz2#ccb34fb14960ad8b125962d3d79b31a9
https://conda.anaconda.org/conda-forge/osx-64/libiconv-1.16-haf1e3a3_0.tar.bz2#c5fab167412a52e491c8e11453ae016f
https://conda.anaconda.org/conda-forge/osx-64/libzlib-1.2.12-hfe4f2af_2.tar.bz2#1d676bbaa2599f22121dd5bbea455c2e
https://conda.anaconda.org/conda-forge/osx-64/lzo-2.10-haf1e3a3_1000.tar.bz2#0b6bca372a95d6c602c7a922e928ce79
https://conda.anaconda.org/conda-forge/osx-64/ncurses-6.3-h96cf925_1.tar.bz2#76217ebfbb163ff2770a261f955a5861
https://conda.anaconda.org/conda-forge/noarch/pybind11-abi-4-hd8ed1ab_3.tar.bz2#878f923dd6acc8aeb47a75da6c4098be
https://conda.anaconda.org/conda-forge/osx-64/reproc-14.2.3-h0d85af4_0.tar.bz2#6f87f4707e4daf5823ce56dce5d9fbea
https://conda.anaconda.org/conda-forge/noarch/tzdata-2022a-h191b570_0.tar.bz2#84be5301069417a2221187d2f435e0f7
https://conda.anaconda.org/conda-forge/osx-64/xz-5.2.5-haf1e3a3_1.tar.bz2#41116deb499e9bc58048c297d6403ce6
https://conda.anaconda.org/conda-forge/osx-64/yaml-0.2.5-h0d85af4_2.tar.bz2#d7e08fcf8259d742156188e8762b4d20
https://conda.anaconda.org/conda-forge/osx-64/icu-70.1-h96cf925_0.tar.bz2#376635049e9b9b0bb875efd39dcd7b3b
https://conda.anaconda.org/conda-forge/osx-64/libedit-3.1.20191231-h0678c8f_2.tar.bz2#6016a8a1d0e63cac3de2c352cd40208b
https://conda.anaconda.org/conda-forge/osx-64/libsolv-0.7.22-hd9580d2_0.tar.bz2#068ed0617893ecbccbf65a32ea1e8056
https://conda.anaconda.org/conda-forge/osx-64/lz4-c-1.9.3-he49afe7_1.tar.bz2#05c08241b66631c00ca4f9e0b75320bc
https://conda.anaconda.org/conda-forge/osx-64/openssl-1.1.1q-hfe4f2af_0.tar.bz2#ce822517fb00e8bafea6fe77d07f20bd
https://conda.anaconda.org/conda-forge/osx-64/readline-8.1.2-h3899abd_0.tar.bz2#89fa404901fa8fb7d4f4e07083b8d635
https://conda.anaconda.org/conda-forge/osx-64/reproc-cpp-14.2.3-he49afe7_0.tar.bz2#7dafcfaa471cd16cbd73832cefc39770
https://conda.anaconda.org/conda-forge/osx-64/tk-8.6.12-h5dbffcc_0.tar.bz2#8e9480d9c47061db2ed1b4ecce519a7f
https://conda.anaconda.org/conda-forge/osx-64/yaml-cpp-0.7.0-hb486fe8_1.tar.bz2#bff7238c36d6dbf22da05db0a0405255
https://conda.anaconda.org/conda-forge/osx-64/zlib-1.2.12-hfe4f2af_2.tar.bz2#fe7ebd3b35b8f26f6a7d0af481a21721
https://conda.anaconda.org/conda-forge/osx-64/krb5-1.19.3-hb49756b_0.tar.bz2#e60363be26ab2a74326c06195d638447
https://conda.anaconda.org/conda-forge/osx-64/libnghttp2-1.47.0-h942079c_0.tar.bz2#86fc370e607a269b64ac6fa5d29e55e8
https://conda.anaconda.org/conda-forge/osx-64/libssh2-1.10.0-h52ee1ee_2.tar.bz2#8c8f3804e8e252b47443cfe8e40eddf9
https://conda.anaconda.org/conda-forge/osx-64/libxml2-2.9.14-h08a9926_3.tar.bz2#acc0c68c892fdb2ed5f37f6668ad0726
https://conda.anaconda.org/conda-forge/osx-64/sqlite-3.39.2-hd9f0692_0.tar.bz2#eea4504fd46050a22d482addde6ae7c7
https://conda.anaconda.org/conda-forge/osx-64/zstd-1.5.2-ha9df2e0_3.tar.bz2#239c837a73945b05128bb18fa5687e35
https://conda.anaconda.org/conda-forge/osx-64/libarchive-3.5.2-hde4784d_3.tar.bz2#c64b90403953ccead5191316bce92338
https://conda.anaconda.org/conda-forge/osx-64/libcurl-7.83.1-h372c54d_0.tar.bz2#393526f4c307ded911957e3723e34bed
https://conda.anaconda.org/conda-forge/osx-64/python-3.9.13-h57e37ff_0_cpython.tar.bz2#0fced1dc8919c66139c45d1e2d8dc6a6
https://conda.anaconda.org/conda-forge/noarch/cachy-0.3.0-py_0.tar.bz2#808c46dc56ae4a796830129aaf1b51ec
https://conda.anaconda.org/conda-forge/noarch/charset-normalizer-2.1.0-pyhd8ed1ab_0.tar.bz2#abc0453b6e7bfbb87d275d58e333fc98
https://conda.anaconda.org/conda-forge/noarch/colorama-0.4.5-pyhd8ed1ab_0.tar.bz2#c267da48ce208905d7d976d49dfd9433
https://conda.anaconda.org/conda-forge/noarch/crashtest-0.3.1-pyhd8ed1ab_0.tar.bz2#b8477552274c1cfdb533e954c76523f1
https://conda.anaconda.org/conda-forge/noarch/distlib-0.3.5-pyhd8ed1ab_0.tar.bz2#f15c3912378a07726093cc94d1e13251
https://conda.anaconda.org/conda-forge/noarch/filelock-3.8.0-pyhd8ed1ab_0.tar.bz2#10f0218dbd493ab2e5dc6759ddea4526
https://conda.anaconda.org/conda-forge/noarch/idna-3.3-pyhd8ed1ab_0.tar.bz2#40b50b8b030f5f2f22085c062ed013dd
https://conda.anaconda.org/conda-forge/osx-64/libmamba-0.25.0-h2d3d89a_1.tar.bz2#9ec2563832700a9b74fe2e72ad9adadb
https://conda.anaconda.org/conda-forge/noarch/lockfile-0.12.2-py_1.tar.bz2#c104d98e09c47519950cffb8dd5b4f10
https://conda.anaconda.org/conda-forge/noarch/pastel-0.2.1-pyhd8ed1ab_0.tar.bz2#a4eea5bff523f26442405bc5d1f52adb
https://conda.anaconda.org/conda-forge/noarch/pkginfo-1.8.3-pyhd8ed1ab_0.tar.bz2#0f2d0da112ff6fd76cc3ce038d72d2c9
https://conda.anaconda.org/conda-forge/noarch/platformdirs-2.5.2-pyhd8ed1ab_1.tar.bz2#2fb3f88922e7aec26ba652fcdfe13950
https://conda.anaconda.org/conda-forge/noarch/ptyprocess-0.7.0-pyhd3deb0d_0.tar.bz2#359eeb6536da0e687af562ed265ec263
https://conda.anaconda.org/conda-forge/noarch/pycparser-2.21-pyhd8ed1ab_0.tar.bz2#076becd9e05608f8dc72757d5f3a91ff
https://conda.anaconda.org/conda-forge/noarch/pylev-1.4.0-pyhd8ed1ab_0.tar.bz2#edf8651c4379d9d1495ad6229622d150
https://conda.anaconda.org/conda-forge/noarch/pyparsing-3.0.9-pyhd8ed1ab_0.tar.bz2#e8fbc1b54b25f4b08281467bc13b70cc
https://conda.anaconda.org/conda-forge/osx-64/python_abi-3.9-2_cp39.tar.bz2#262f557ee8ca777fe2190956038024cd
https://conda.anaconda.org/conda-forge/noarch/shellingham-1.5.0-pyhd8ed1ab_0.tar.bz2#65bacdee3cac51e49f45d530bbd5e90f
https://conda.anaconda.org/conda-forge/noarch/six-1.16.0-pyh6c4a22f_0.tar.bz2#e5f25f8dbc060e9a8d912e432202afc2
https://conda.anaconda.org/conda-forge/noarch/typing-3.10.0.0-pyhd8ed1ab_0.tar.bz2#e6573ac68718f17b9d4f5c8eda3190f2
https://conda.anaconda.org/conda-forge/noarch/webencodings-0.5.1-py_1.tar.bz2#3563be4c5611a44210d9ba0c16113136
https://conda.anaconda.org/conda-forge/noarch/wheel-0.37.1-pyhd8ed1ab_0.tar.bz2#1ca02aaf78d9c70d9a81a3bed5752022
https://conda.anaconda.org/conda-forge/noarch/zipp-3.8.1-pyhd8ed1ab_0.tar.bz2#a3508a0c850745b875de88aea4c40cc5
https://conda.anaconda.org/conda-forge/osx-64/certifi-2022.6.15-py39h6e9494a_0.tar.bz2#8c2a4066f245865e39a32d322f44901d
https://conda.anaconda.org/conda-forge/osx-64/cffi-1.15.1-py39hae9ecf2_0.tar.bz2#558979c1c4b8d8912e4ec89b711ffe55
https://conda.anaconda.org/conda-forge/noarch/clikit-0.6.2-pyh9f0ad1d_0.tar.bz2#159273f717a11e53b2656f8b6521a5e2
https://conda.anaconda.org/conda-forge/noarch/html5lib-1.1-pyh9f0ad1d_0.tar.bz2#b2355343d6315c892543200231d7154a
https://conda.anaconda.org/conda-forge/osx-64/importlib-metadata-4.11.4-py39h6e9494a_0.tar.bz2#adc0fa796414c4235c3ba372d2c93c26
https://conda.anaconda.org/conda-forge/osx-64/libmambapy-0.25.0-py39h3f08081_1.tar.bz2#5f22ce65a304df5bfc2808d4fe87a062
https://conda.anaconda.org/conda-forge/osx-64/msgpack-python-1.0.4-py39h7c694c3_0.tar.bz2#ca68f51fbd9d873d14cf51167d3d9ade
https://conda.anaconda.org/conda-forge/noarch/packaging-20.9-pyh44b312d_0.tar.bz2#be69a38e912054a62dc82cc3c7711a64
https://conda.anaconda.org/conda-forge/noarch/pexpect-4.8.0-pyh9f0ad1d_2.tar.bz2#5909e7b978141dd80d28dbf9de627827
https://conda.anaconda.org/conda-forge/osx-64/poetry-core-1.0.8-py39h6e9494a_1.tar.bz2#d0e3d3795047ca328eeb399ea8118b56
https://conda.anaconda.org/conda-forge/osx-64/pycosat-0.6.3-py39h63b48b0_1010.tar.bz2#dfe087a3c51af3f3be906b8300fd03f2
https://conda.anaconda.org/conda-forge/osx-64/pysocks-1.7.1-py39h6e9494a_5.tar.bz2#e6845a71941ffc957c9e4ac0c4c88edd
https://conda.anaconda.org/conda-forge/osx-64/ruamel_yaml-0.15.80-py39h701faf5_1007.tar.bz2#16fe842ae577e6cefe6859066e077a20
https://conda.anaconda.org/conda-forge/osx-64/setuptools-63.4.2-py39h6e9494a_0.tar.bz2#c09d13e3d71bc4a7e6b256c685e4422d
https://conda.anaconda.org/conda-forge/noarch/tomlkit-0.11.3-pyha770c72_0.tar.bz2#c8f9bede45d21747adb99b4892e860a5
https://conda.anaconda.org/conda-forge/noarch/tqdm-4.64.0-pyhd8ed1ab_0.tar.bz2#6642233f341e1900d0c8e6eddb979c14
https://conda.anaconda.org/conda-forge/osx-64/virtualenv-20.16.3-py39h6e9494a_0.tar.bz2#17c9990f8b39e41e0a1c1d9c5f3cc08b
https://conda.anaconda.org/conda-forge/osx-64/brotlipy-0.7.0-py39h63b48b0_1004.tar.bz2#7b42f41f7606f46a6b00ff4ac3c71b76
https://conda.anaconda.org/conda-forge/noarch/cleo-0.8.1-pyhd8ed1ab_2.tar.bz2#4c82b11a3d06031bd58e7d869f53d965
https://conda.anaconda.org/conda-forge/osx-64/conda-package-handling-1.8.1-py39h63b48b0_1.tar.bz2#09d59c368b74774aeb23183752bcb99f
https://conda.anaconda.org/conda-forge/osx-64/cryptography-37.0.4-py39h9c2a9ce_0.tar.bz2#fbda1a6b92bc0a98f2564319682e8988
https://conda.anaconda.org/conda-forge/noarch/importlib_metadata-4.11.4-hd8ed1ab_0.tar.bz2#9a1925fdb91c81437b8012e48ede6851
https://conda.anaconda.org/conda-forge/noarch/pip-22.2.2-pyhd8ed1ab_0.tar.bz2#0b43abe4d3ee93e82742d37def53a836
https://conda.anaconda.org/conda-forge/osx-64/keyring-23.8.2-py39h6e9494a_0.tar.bz2#69ef6a63bcb6d385352250b1aad413a1
https://conda.anaconda.org/conda-forge/noarch/pyopenssl-22.0.0-pyhd8ed1ab_0.tar.bz2#1d7e241dfaf5475e893d4b824bb71b44
https://conda.anaconda.org/conda-forge/noarch/urllib3-1.26.11-pyhd8ed1ab_0.tar.bz2#0738978569b10669bdef41c671252dd1
https://conda.anaconda.org/conda-forge/noarch/requests-2.28.1-pyhd8ed1ab_0.tar.bz2#70d6e72856de9551f83ae0f2de689a7a
https://conda.anaconda.org/conda-forge/noarch/cachecontrol-0.12.11-pyhd8ed1ab_0.tar.bz2#6eefee9888f33f150b5d44d616b1a613
https://conda.anaconda.org/conda-forge/osx-64/conda-4.13.0-py39h6e9494a_1.tar.bz2#a25ad335342320f263a609b2b26aee30
https://conda.anaconda.org/conda-forge/noarch/requests-toolbelt-0.9.1-py_0.tar.bz2#402668adee8fcba9a9c265cdc2a88f5a
https://conda.anaconda.org/conda-forge/osx-64/mamba-0.25.0-py39ha435c47_1.tar.bz2#1dfc13eeadff071b03a30c4f45091ca9
https://conda.anaconda.org/conda-forge/osx-64/poetry-1.1.14-py39h6e9494a_0.tar.bz2#a59c0112a62f8a7ab38b863a7f334ffc
# pip argcomplete @ https://files.pythonhosted.org/packages/d3/e5/c5509683462e51b070df9e83e7f72c1ccfe3f733f328b4a0f06804c27278/argcomplete-2.0.0-py2.py3-none-any.whl#sha256=cffa11ea77999bb0dd27bb25ff6dc142a6796142f68d45b1a26b11f58724561e
# pip cfgv @ https://files.pythonhosted.org/packages/6d/82/0a0ebd35bae9981dea55c06f8e6aaf44a49171ad798795c72c6f64cba4c2/cfgv-3.3.1-py2.py3-none-any.whl#sha256=c6a0883f3917a037485059700b9e75da2464e6c27051014ad85ba6aaa5884426
# pip colorlog @ https://files.pythonhosted.org/packages/7d/54/e24efe5469ecb2710112055de87a2900e9494810bcfc25c12c7a0723eb64/colorlog-6.6.0-py2.py3-none-any.whl#sha256=351c51e866c86c3217f08e4b067a7974a678be78f07f85fc2d55b8babde6d94e
# pip identify @ https://files.pythonhosted.org/packages/0c/ed/ee58d0ae16c7407762171c493db655b19b68c40d15b4294ef5d827ee33ea/identify-2.5.3-py2.py3-none-any.whl#sha256=25851c8c1370effb22aaa3c987b30449e9ff0cece408f810ae6ce408fdd20893
# pip nodeenv @ https://files.pythonhosted.org/packages/96/a8/d3b5baead78adadacb99e7281b3e842126da825cf53df61688cfc8b8ff91/nodeenv-1.7.0-py2.py3-none-any.whl#sha256=27083a7b96a25f2f5e1d8cb4b6317ee8aeda3bdd121394e5ac54e498028a042e
# pip py @ https://files.pythonhosted.org/packages/f6/f0/10642828a8dfb741e5f3fbaac830550a518a775c7fff6f04a007259b0548/py-1.11.0-py2.py3-none-any.whl#sha256=607c53218732647dff4acdfcd50cb62615cedf612e72d1724fb1a0cc6405b378
# pip pyyaml @ https://files.pythonhosted.org/packages/f5/6f/b8b4515346af7c33d3b07cd8ca8ea0700ca72e8d7a750b2b87ac0268ca4e/PyYAML-6.0-cp39-cp39-macosx_10_9_x86_64.whl#sha256=055d937d65826939cb044fc8c9b08889e8c743fdc6a32b33e2390f66013e449b
# pip toml @ https://files.pythonhosted.org/packages/44/6f/7120676b6d73228c96e17f1f794d8ab046fc910d781c8d151120c3f1569e/toml-0.10.2-py2.py3-none-any.whl#sha256=806143ae5bfb6a3c6e736a764057db0e6a0e05e338b5630894a5f779cabb4f9b
# pip nox @ https://files.pythonhosted.org/packages/82/27/78ae03d62f352441addb566f4b03b0919d2d5acc489ea87ce66c34169d91/nox-2022.8.7-py3-none-any.whl#sha256=96cca88779e08282a699d672258ec01eb7c792d35bbbf538c723172bce23212c
# pip pre-commit @ https://files.pythonhosted.org/packages/b2/6c/9ccb5213a3d9fd3f8c0fd69d207951901eaef86b7a1a69bcc478364d3072/pre_commit-2.20.0-py2.py3-none-any.whl#sha256=51a5ba7c480ae8072ecdb6933df22d2f812dc897d5fe848778116129a681aac7
# pip nox-poetry @ https://files.pythonhosted.org/packages/6b/2c/c040e23578e935a296e76a4946e173c51eae0a97ccde1de60c695889f911/nox_poetry-1.0.1-py3-none-any.whl#sha256=6ed30e33b782cecba081dbb79626f60c3acf517c535b89ef8699071fd70567cd
